
Microsoft Visual Studio Solution File, Format Version 12.00
# Visual Studio 15
VisualStudioVersion = 15.0.28307.1062
MinimumVisualStudioVersion = 10.0.40219.1
Project("{FAE04EC0-301F-11D3-BF4B-00C04F79EFBC}") = "collectWords3.Android", "collectWords3\collectWords3.Android\collectWords3.Android.csproj", "{07D4865C-B31F-47AB-9C4B-5D0D62C312D3}"
EndProject
Project("{FAE04EC0-301F-11D3-BF4B-00C04F79EFBC}") = "collectWords3.iOS", "collectWords3\collectWords3.iOS\collectWords3.iOS.csproj", "{2BF3BDFE-69DF-4392-AB90-4F879B8EA22B}"
EndProject
Project("{FAE04EC0-301F-11D3-BF4B-00C04F79EFBC}") = "collectWords3", "collectWords3\collectWords3\collectWords3.csproj", "{FB975EA9-70B8-45FE-82B5-685FEB1B80CD}"
EndProject
Global
	GlobalSection(SolutionConfigurationPlatforms) = preSolution
		Ad-Hoc|Any CPU = Ad-Hoc|Any CPU
		Ad-Hoc|iPhone = Ad-Hoc|iPhone
		Ad-Hoc|iPhoneSimulator = Ad-Hoc|iPhoneSimulator
		AppStore|Any CPU = AppStore|Any CPU
		AppStore|iPhone = AppStore|iPhone
		AppStore|iPhoneSimulator = AppStore|iPhoneSimulator
		Debug|Any CPU = Debug|Any CPU
		Debug|iPhone = Debug|iPhone
		Debug|iPhoneSimulator = Debug|iPhoneSimulator
		Release|Any CPU = Release|Any CPU
		Release|iPhone = Release|iPhone
		Release|iPhoneSimulator = Release|iPhoneSimulator
	EndGlobalSection
	GlobalSection(ProjectConfigurationPlatforms) = postSolution
		{07D4865C-B31F-47AB-9C4B-5D0D62C312D3}.Ad-Hoc|Any CPU.ActiveCfg = Release|Any CPU
		{07D4865C-B31F-47AB-9C4B-5D0D62C312D3}.Ad-Hoc|Any CPU.Build.0 = Release|Any CPU
		{07D4865C-B31F-47AB-9C4B-5D0D62C312D3}.Ad-Hoc|Any CPU.Deploy.0 = Release|Any CPU
		{07D4865C-B31F-47AB-9C4B-5D0D62C312D3}.Ad-Hoc|iPhone.ActiveCfg = Release|Any CPU
		{07D4865C-B31F-47AB-9C4B-5D0D62C312D3}.Ad-Hoc|iPhone.Build.0 = Release|Any CPU
		{07D4865C-B31F-47AB-9C4B-5D0D62C312D3}.Ad-Hoc|iPhone.Deploy.0 = Release|Any CPU
		{07D4865C-B31F-47AB-9C4B-5D0D62C312D3}.Ad-Hoc|iPhoneSimulator.ActiveCfg = Release|Any CPU
		{07D4865C-B31F-47AB-9C4B-5D0D62C312D3}.Ad-Hoc|iPhoneSimulator.Build.0 = Release|Any CPU
		{07D4865C-B31F-47AB-9C4B-5D0D62C312D3}.Ad-Hoc|iPhoneSimulator.Deploy.0 = Release|Any CPU
		{07D4865C-B31F-47AB-9C4B-5D0D62C312D3}.AppStore|Any CPU.ActiveCfg = Release|Any CPU
		{07D4865C-B31F-47AB-9C4B-5D0D62C312D3}.AppStore|Any CPU.Build.0 = Release|Any CPU
		{07D4865C-B31F-47AB-9C4B-5D0D62C312D3}.AppStore|Any CPU.Deploy.0 = Release|Any CPU
		{07D4865C-B31F-47AB-9C4B-5D0D62C312D3}.AppStore|iPhone.ActiveCfg = Release|Any CPU
		{07D4865C-B31F-47AB-9C4B-5D0D62C312D3}.AppStore|iPhone.Build.0 = Release|Any CPU
		{07D4865C-B31F-47AB-9C4B-5D0D62C312D3}.AppStore|iPhone.Deploy.0 = Release|Any CPU
		{07D4865C-B31F-47AB-9C4B-5D0D62C312D3}.AppStore|iPhoneSimulator.ActiveCfg = Release|Any CPU
		{07D4865C-B31F-47AB-9C4B-5D0D62C312D3}.AppStore|iPhoneSimulator.Build.0 = Release|Any CPU
		{07D4865C-B31F-47AB-9C4B-5D0D62C312D3}.AppStore|iPhoneSimulator.Deploy.0 = Release|Any CPU
		{07D4865C-B31F-47AB-9C4B-5D0D62C312D3}.Debug|Any CPU.ActiveCfg = Debug|Any CPU
		{07D4865C-B31F-47AB-9C4B-5D0D62C312D3}.Debug|Any CPU.Build.0 = Debug|Any CPU
		{07D4865C-B31F-47AB-9C4B-5D0D62C312D3}.Debug|Any CPU.Deploy.0 = Debug|Any CPU
		{07D4865C-B31F-47AB-9C4B-5D0D62C312D3}.Debug|iPhone.ActiveCfg = Debug|Any CPU
		{07D4865C-B31F-47AB-9C4B-5D0D62C312D3}.Debug|iPhone.Build.0 = Debug|Any CPU
		{07D4865C-B31F-47AB-9C4B-5D0D62C312D3}.Debug|iPhone.Deploy.0 = Debug|Any CPU
		{07D4865C-B31F-47AB-9C4B-5D0D62C312D3}.Debug|iPhoneSimulator.ActiveCfg = Debug|Any CPU
		{07D4865C-B31F-47AB-9C4B-5D0D62C312D3}.Debug|iPhoneSimulator.Build.0 = Debug|Any CPU
		{07D4865C-B31F-47AB-9C4B-5D0D62C312D3}.Debug|iPhoneSimulator.Deploy.0 = Debug|Any CPU
		{07D4865C-B31F-47AB-9C4B-5D0D62C312D3}.Release|Any CPU.ActiveCfg = Release|Any CPU
		{07D4865C-B31F-47AB-9C4B-5D0D62C312D3}.Release|Any CPU.Build.0 = Release|Any CPU
		{07D4865C-B31F-47AB-9C4B-5D0D62C312D3}.Release|Any CPU.Deploy.0 = Release|Any CPU
		{07D4865C-B31F-47AB-9C4B-5D0D62C312D3}.Release|iPhone.ActiveCfg = Release|Any CPU
		{07D4865C-B31F-47AB-9C4B-5D0D62C312D3}.Release|iPhone.Build.0 = Release|Any CPU
		{07D4865C-B31F-47AB-9C4B-5D0D62C312D3}.Release|iPhone.Deploy.0 = Release|Any CPU
		{07D4865C-B31F-47AB-9C4B-5D0D62C312D3}.Release|iPhoneSimulator.ActiveCfg = Release|Any CPU
		{07D4865C-B31F-47AB-9C4B-5D0D62C312D3}.Release|iPhoneSimulator.Build.0 = Release|Any CPU
		{07D4865C-B31F-47AB-9C4B-5D0D62C312D3}.Release|iPhoneSimulator.Deploy.0 = Release|Any CPU
		{2BF3BDFE-69DF-4392-AB90-4F879B8EA22B}.Ad-Hoc|Any CPU.ActiveCfg = Ad-Hoc|iPhone
		{2BF3BDFE-69DF-4392-AB90-4F879B8EA22B}.Ad-Hoc|Any CPU.Build.0 = Ad-Hoc|iPhone
		{2BF3BDFE-69DF-4392-AB90-4F879B8EA22B}.Ad-Hoc|Any CPU.Deploy.0 = Ad-Hoc|iPhone
		{2BF3BDFE-69DF-4392-AB90-4F879B8EA22B}.Ad-Hoc|iPhone.ActiveCfg = Ad-Hoc|iPhone
		{2BF3BDFE-69DF-4392-AB90-4F879B8EA22B}.Ad-Hoc|iPhone.Build.0 = Ad-Hoc|iPhone
		{2BF3BDFE-69DF-4392-AB90-4F879B8EA22B}.Ad-Hoc|iPhone.Deploy.0 = Ad-Hoc|iPhone
		{2BF3BDFE-69DF-4392-AB90-4F879B8EA22B}.Ad-Hoc|iPhoneSimulator.ActiveCfg = Ad-Hoc|iPhoneSimulator
		{2BF3BDFE-69DF-4392-AB90-4F879B8EA22B}.Ad-Hoc|iPhoneSimulator.Build.0 = Ad-Hoc|iPhoneSimulator
		{2BF3BDFE-69DF-4392-AB90-4F879B8EA22B}.Ad-Hoc|iPhoneSimulator.Deploy.0 = Ad-Hoc|iPhoneSimulator
		{2BF3BDFE-69DF-4392-AB90-4F879B8EA22B}.AppStore|Any CPU.ActiveCfg = AppStore|iPhone
		{2BF3BDFE-69DF-4392-AB90-4F879B8EA22B}.AppStore|Any CPU.Build.0 = AppStore|iPhone
		{2BF3BDFE-69DF-4392-AB90-4F879B8EA22B}.AppStore|Any CPU.Deploy.0 = AppStore|iPhone
		{2BF3BDFE-69DF-4392-AB90-4F879B8EA22B}.AppStore|iPhone.ActiveCfg = AppStore|iPhone
		{2BF3BDFE-69DF-4392-AB90-4F879B8EA22B}.AppStore|iPhone.Build.0 = AppStore|iPhone
		{2BF3BDFE-69DF-4392-AB90-4F879B8EA22B}.AppStore|iPhone.Deploy.0 = AppStore|iPhone
		{2BF3BDFE-69DF-4392-AB90-4F879B8EA22B}.AppStore|iPhoneSimulator.ActiveCfg = AppStore|iPhoneSimulator
		{2BF3BDFE-69DF-4392-AB90-4F879B8EA22B}.AppStore|iPhoneSimulator.Build.0 = AppStore|iPhoneSimulator
		{2BF3BDFE-69DF-4392-AB90-4F879B8EA22B}.AppStore|iPhoneSimulator.Deploy.0 = AppStore|iPhoneSimulator
		{2BF3BDFE-69DF-4392-AB90-4F879B8EA22B}.Debug|Any CPU.ActiveCfg = Debug|iPhoneSimulator
		{2BF3BDFE-69DF-4392-AB90-4F879B8EA22B}.Debug|Any CPU.Build.0 = Debug|iPhoneSimulator
		{2BF3BDFE-69DF-4392-AB90-4F879B8EA22B}.Debug|Any CPU.Deploy.0 = Debug|iPhoneSimulator
		{2BF3BDFE-69DF-4392-AB90-4F879B8EA22B}.Debug|iPhone.ActiveCfg = Debug|iPhone
		{2BF3BDFE-69DF-4392-AB90-4F879B8EA22B}.Debug|iPhone.Build.0 = Debug|iPhone
		{2BF3BDFE-69DF-4392-AB90-4F879B8EA22B}.Debug|iPhone.Deploy.0 = Debug|iPhone
		{2BF3BDFE-69DF-4392-AB90-4F879B8EA22B}.Debug|iPhoneSimulator.ActiveCfg = Debug|iPhoneSimulator
		{2BF3BDFE-69DF-4392-AB90-4F879B8EA22B}.Debug|iPhoneSimulator.Build.0 = Debug|iPhoneSimulator
		{2BF3BDFE-69DF-4392-AB90-4F879B8EA22B}.Debug|iPhoneSimulator.Deploy.0 = Debug|iPhoneSimulator
		{2BF3BDFE-69DF-4392-AB90-4F879B8EA22B}.Release|Any CPU.ActiveCfg = Release|iPhone
		{2BF3BDFE-69DF-4392-AB90-4F879B8EA22B}.Release|Any CPU.Build.0 = Release|iPhone
		{2BF3BDFE-69DF-4392-AB90-4F879B8EA22B}.Release|Any CPU.Deploy.0 = Release|iPhone
		{2BF3BDFE-69DF-4392-AB90-4F879B8EA22B}.Release|iPhone.ActiveCfg = Release|iPhone
		{2BF3BDFE-69DF-4392-AB90-4F879B8EA22B}.Release|iPhone.Build.0 = Release|iPhone
		{2BF3BDFE-69DF-4392-AB90-4F879B8EA22B}.Release|iPhone.Deploy.0 = Release|iPhone
		{2BF3BDFE-69DF-4392-AB90-4F879B8EA22B}.Release|iPhoneSimulator.ActiveCfg = Release|iPhoneSimulator
		{2BF3BDFE-69DF-4392-AB90-4F879B8EA22B}.Release|iPhoneSimulator.Build.0 = Release|iPhoneSimulator
		{2BF3BDFE-69DF-4392-AB90-4F879B8EA22B}.Release|iPhoneSimulator.Deploy.0 = Release|iPhoneSimulator
		{FB975EA9-70B8-45FE-82B5-685FEB1B80CD}.Ad-Hoc|Any CPU.ActiveCfg = Debug|Any CPU
		{FB975EA9-70B8-45FE-82B5-685FEB1B80CD}.Ad-Hoc|Any CPU.Build.0 = Debug|Any CPU
		{FB975EA9-70B8-45FE-82B5-685FEB1B80CD}.Ad-Hoc|Any CPU.Deploy.0 = Debug|Any CPU
		{FB975EA9-70B8-45FE-82B5-685FEB1B80CD}.Ad-Hoc|iPhone.ActiveCfg = Debug|Any CPU
		{FB975EA9-70B8-45FE-82B5-685FEB1B80CD}.Ad-Hoc|iPhone.Build.0 = Debug|Any CPU
		{FB975EA9-70B8-45FE-82B5-685FEB1B80CD}.Ad-Hoc|iPhone.Deploy.0 = Debug|Any CPU
		{FB975EA9-70B8-45FE-82B5-685FEB1B80CD}.Ad-Hoc|iPhoneSimulator.ActiveCfg = Debug|Any CPU
		{FB975EA9-70B8-45FE-82B5-685FEB1B80CD}.Ad-Hoc|iPhoneSimulator.Build.0 = Debug|Any CPU
		{FB975EA9-70B8-45FE-82B5-685FEB1B80CD}.Ad-Hoc|iPhoneSimulator.Deploy.0 = Debug|Any CPU
		{FB975EA9-70B8-45FE-82B5-685FEB1B80CD}.AppStore|Any CPU.ActiveCfg = Debug|Any CPU
		{FB975EA9-70B8-45FE-82B5-685FEB1B80CD}.AppStore|Any CPU.Build.0 = Debug|Any CPU
		{FB975EA9-70B8-45FE-82B5-685FEB1B80CD}.AppStore|Any CPU.Deploy.0 = Debug|Any CPU
		{FB975EA9-70B8-45FE-82B5-685FEB1B80CD}.AppStore|iPhone.ActiveCfg = Debug|Any CPU
		{FB975EA9-70B8-45FE-82B5-685FEB1B80CD}.AppStore|iPhone.Build.0 = Debug|Any CPU
		{FB975EA9-70B8-45FE-82B5-685FEB1B80CD}.AppStore|iPhone.Deploy.0 = Debug|Any CPU
		{FB975EA9-70B8-45FE-82B5-685FEB1B80CD}.AppStore|iPhoneSimulator.ActiveCfg = Debug|Any CPU
		{FB975EA9-70B8-45FE-82B5-685FEB1B80CD}.AppStore|iPhoneSimulator.Build.0 = Debug|Any CPU
		{FB975EA9-70B8-45FE-82B5-685FEB1B80CD}.AppStore|iPhoneSimulator.Deploy.0 = Debug|Any CPU
		{FB975EA9-70B8-45FE-82B5-685FEB1B80CD}.Debug|Any CPU.ActiveCfg = Debug|Any CPU
		{FB975EA9-70B8-45FE-82B5-685FEB1B80CD}.Debug|Any CPU.Build.0 = Debug|Any CPU
		{FB975EA9-70B8-45FE-82B5-685FEB1B80CD}.Debug|Any CPU.Deploy.0 = Debug|Any CPU
		{FB975EA9-70B8-45FE-82B5-685FEB1B80CD}.Debug|iPhone.ActiveCfg = Debug|Any CPU
		{FB975EA9-70B8-45FE-82B5-685FEB1B80CD}.Debug|iPhone.Build.0 = Debug|Any CPU
		{FB975EA9-70B8-45FE-82B5-685FEB1B80CD}.Debug|iPhone.Deploy.0 = Debug|Any CPU
		{FB975EA9-70B8-45FE-82B5-685FEB1B80CD}.Debug|iPhoneSimulator.ActiveCfg = Debug|Any CPU
		{FB975EA9-70B8-45FE-82B5-685FEB1B80CD}.Debug|iPhoneSimulator.Build.0 = Debug|Any CPU
		{FB975EA9-70B8-45FE-82B5-685FEB1B80CD}.Debug|iPhoneSimulator.Deploy.0 = Debug|Any CPU
		{FB975EA9-70B8-45FE-82B5-685FEB1B80CD}.Release|Any CPU.ActiveCfg = Release|Any CPU
		{FB975EA9-70B8-45FE-82B5-685FEB1B80CD}.Release|Any CPU.Build.0 = Release|Any CPU
		{FB975EA9-70B8-45FE-82B5-685FEB1B80CD}.Release|Any CPU.Deploy.0 = Release|Any CPU
		{FB975EA9-70B8-45FE-82B5-685FEB1B80CD}.Release|iPhone.ActiveCfg = Release|Any CPU
		{FB975EA9-70B8-45FE-82B5-685FEB1B80CD}.Release|iPhone.Build.0 = Release|Any CPU
		{FB975EA9-70B8-45FE-82B5-685FEB1B80CD}.Release|iPhone.Deploy.0 = Release|Any CPU
		{FB975EA9-70B8-45FE-82B5-685FEB1B80CD}.Release|iPhoneSimulator.ActiveCfg = Release|Any CPU
		{FB975EA9-70B8-45FE-82B5-685FEB1B80CD}.Release|iPhoneSimulator.Build.0 = Release|Any CPU
		{FB975EA9-70B8-45FE-82B5-685FEB1B80CD}.Release|iPhoneSimulator.Deploy.0 = Release|Any CPU
	EndGlobalSection
	GlobalSection(SolutionProperties) = preSolution
		HideSolutionNode = FALSE
	EndGlobalSection
	GlobalSection(ExtensibilityGlobals) = postSolution
		SolutionGuid = {72BCC141-DBA2-4226-ABD0-F5B8BB2D28C8}
	EndGlobalSection
EndGlobal
